// !$*UTF8*$!
{
	archiveVersion = 1;
	classes = {
	};
	objectVersion = 46;
	objects = {

/* Begin PBXBuildFile section */
		6F9A63031E7551A400FB1B76 /* AppDelegate.swift in Sources */ = {isa = PBXBuildFile; fileRef = 6F9A63021E7551A400FB1B76 /* AppDelegate.swift */; };
		6F9A63051E7551A400FB1B76 /* ViewController.swift in Sources */ = {isa = PBXBuildFile; fileRef = 6F9A63041E7551A400FB1B76 /* ViewController.swift */; };
		6F9A63081E7551A400FB1B76 /* Main.storyboard in Resources */ = {isa = PBXBuildFile; fileRef = 6F9A63061E7551A400FB1B76 /* Main.storyboard */; };
		6F9A630A1E7551A400FB1B76 /* Assets.xcassets in Resources */ = {isa = PBXBuildFile; fileRef = 6F9A63091E7551A400FB1B76 /* Assets.xcassets */; };
		6F9A630D1E7551A400FB1B76 /* LaunchScreen.storyboard in Resources */ = {isa = PBXBuildFile; fileRef = 6F9A630B1E7551A400FB1B76 /* LaunchScreen.storyboard */; };
		6F9A63181E7551A500FB1B76 /* _2HWTests.swift in Sources */ = {isa = PBXBuildFile; fileRef = 6F9A63171E7551A500FB1B76 /* _2HWTests.swift */; };
		6F9A63231E7551A500FB1B76 /* _2HWUITests.swift in Sources */ = {isa = PBXBuildFile; fileRef = 6F9A63221E7551A500FB1B76 /* _2HWUITests.swift */; };
/* End PBXBuildFile section */

/* Begin PBXContainerItemProxy section */
		6F9A63141E7551A500FB1B76 /* PBXContainerItemProxy */ = {
			isa = PBXContainerItemProxy;
			containerPortal = 6F9A62F71E7551A300FB1B76 /* Project object */;
			proxyType = 1;
			remoteGlobalIDString = 6F9A62FE1E7551A300FB1B76;
			remoteInfo = 12HW;
		};
		6F9A631F1E7551A500FB1B76 /* PBXContainerItemProxy */ = {
			isa = PBXContainerItemProxy;
			containerPortal = 6F9A62F71E7551A300FB1B76 /* Project object */;
			proxyType = 1;
			remoteGlobalIDString = 6F9A62FE1E7551A300FB1B76;
			remoteInfo = 12HW;
		};
/* End PBXContainerItemProxy section */

/* Begin PBXFileReference section */
		6F9A62FF1E7551A400FB1B76 /* 12HW.app */ = {isa = PBXFileReference; explicitFileType = wrapper.application; includeInIndex = 0; path = 12HW.app; sourceTree = BUILT_PRODUCTS_DIR; };
		6F9A63021E7551A400FB1B76 /* AppDelegate.swift */ = {isa = PBXFileReference; lastKnownFileType = sourcecode.swift; path = AppDelegate.swift; sourceTree = "<group>"; };
		6F9A63041E7551A400FB1B76 /* ViewController.swift */ = {isa = PBXFileReference; lastKnownFileType = sourcecode.swift; path = ViewController.swift; sourceTree = "<group>"; };
		6F9A63071E7551A400FB1B76 /* Base */ = {isa = PBXFileReference; lastKnownFileType = file.storyboard; name = Base; path = Base.lproj/Main.storyboard; sourceTree = "<group>"; };
		6F9A63091E7551A400FB1B76 /* Assets.xcassets */ = {isa = PBXFileReference; lastKnownFileType = folder.assetcatalog; path = Assets.xcassets; sourceTree = "<group>"; };
		6F9A630C1E7551A400FB1B76 /* Base */ = {isa = PBXFileReference; lastKnownFileType = file.storyboard; name = Base; path = Base.lproj/LaunchScreen.storyboard; sourceTree = "<group>"; };
		6F9A630E1E7551A400FB1B76 /* Info.plist */ = {isa = PBXFileReference; lastKnownFileType = text.plist.xml; path = Info.plist; sourceTree = "<group>"; };
		6F9A63131E7551A500FB1B76 /* 12HWTests.xctest */ = {isa = PBXFileReference; explicitFileType = wrapper.cfbundle; includeInIndex = 0; path = 12HWTests.xctest; sourceTree = BUILT_PRODUCTS_DIR; };
		6F9A63171E7551A500FB1B76 /* _2HWTests.swift */ = {isa = PBXFileReference; lastKnownFileType = sourcecode.swift; path = _2HWTests.swift; sourceTree = "<group>"; };
		6F9A63191E7551A500FB1B76 /* Info.plist */ = {isa = PBXFileReference; lastKnownFileType = text.plist.xml; path = Info.plist; sourceTree = "<group>"; };
		6F9A631E1E7551A500FB1B76 /* 12HWUITests.xctest */ = {isa = PBXFileReference; explicitFileType = wrapper.cfbundle; includeInIndex = 0; path = 12HWUITests.xctest; sourceTree = BUILT_PRODUCTS_DIR; };
		6F9A63221E7551A500FB1B76 /* _2HWUITests.swift */ = {isa = PBXFileReference; lastKnownFileType = sourcecode.swift; path = _2HWUITests.swift; sourceTree = "<group>"; };
		6F9A63241E7551A500FB1B76 /* Info.plist */ = {isa = PBXFileReference; lastKnownFileType = text.plist.xml; path = Info.plist; sourceTree = "<group>"; };
/* End PBXFileReference section */

/* Begin PBXFrameworksBuildPhase section */
		6F9A62FC1E7551A300FB1B76 /* Frameworks */ = {
			isa = PBXFrameworksBuildPhase;
			buildActionMask = 2147483647;
			files = (
			);
			runOnlyForDeploymentPostprocessing = 0;
		};
		6F9A63101E7551A500FB1B76 /* Frameworks */ = {
			isa = PBXFrameworksBuildPhase;
			buildActionMask = 2147483647;
			files = (
			);
			runOnlyForDeploymentPostprocessing = 0;
		};
		6F9A631B1E7551A500FB1B76 /* Frameworks */ = {
			isa = PBXFrameworksBuildPhase;
			buildActionMask = 2147483647;
			files = (
			);
			runOnlyForDeploymentPostprocessing = 0;
		};
/* End PBXFrameworksBuildPhase section */

/* Begin PBXGroup section */
		6F9A62F61E7551A300FB1B76 = {
			isa = PBXGroup;
			children = (
				6F9A63011E7551A400FB1B76 /* 12HW */,
				6F9A63161E7551A500FB1B76 /* 12HWTests */,
				6F9A63211E7551A500FB1B76 /* 12HWUITests */,
				6F9A63001E7551A400FB1B76 /* Products */,
			);
			sourceTree = "<group>";
		};
		6F9A63001E7551A400FB1B76 /* Products */ = {
			isa = PBXGroup;
			children = (
				6F9A62FF1E7551A400FB1B76 /* 12HW.app */,
				6F9A63131E7551A500FB1B76 /* 12HWTests.xctest */,
				6F9A631E1E7551A500FB1B76 /* 12HWUITests.xctest */,
			);
			name = Products;
			sourceTree = "<group>";
		};
		6F9A63011E7551A400FB1B76 /* 12HW */ = {
			isa = PBXGroup;
			children = (
				6F9A63021E7551A400FB1B76 /* AppDelegate.swift */,
				6F9A63041E7551A400FB1B76 /* ViewController.swift */,
				6F9A63061E7551A400FB1B76 /* Main.storyboard */,
				6F9A63091E7551A400FB1B76 /* Assets.xcassets */,
				6F9A630B1E7551A400FB1B76 /* LaunchScreen.storyboard */,
				6F9A630E1E7551A400FB1B76 /* Info.plist */,
			);
			path = 12HW;
			sourceTree = "<group>";
		};
		6F9A63161E7551A500FB1B76 /* 12HWTests */ = {
			isa = PBXGroup;
			children = (
				6F9A63171E7551A500FB1B76 /* _2HWTests.swift */,
				6F9A63191E7551A500FB1B76 /* Info.plist */,
			);
			path = 12HWTests;
			sourceTree = "<group>";
		};
		6F9A63211E7551A500FB1B76 /* 12HWUITests */ = {
			isa = PBXGroup;
			children = (
				6F9A63221E7551A500FB1B76 /* _2HWUITests.swift */,
				6F9A63241E7551A500FB1B76 /* Info.plist */,
			);
			path = 12HWUITests;
			sourceTree = "<group>";
		};
/* End PBXGroup section */

/* Begin PBXNativeTarget section */
		6F9A62FE1E7551A300FB1B76 /* 12HW */ = {
			isa = PBXNativeTarget;
			buildConfigurationList = 6F9A63271E7551A500FB1B76 /* Build configuration list for PBXNativeTarget "12HW" */;
			buildPhases = (
				6F9A62FB1E7551A300FB1B76 /* Sources */,
				6F9A62FC1E7551A300FB1B76 /* Frameworks */,
				6F9A62FD1E7551A300FB1B76 /* Resources */,
			);
			buildRules = (
			);
			dependencies = (
			);
			name = 12HW;
			productName = 12HW;
			productReference = 6F9A62FF1E7551A400FB1B76 /* 12HW.app */;
			productType = "com.apple.product-type.application";
		};
		6F9A63121E7551A500FB1B76 /* 12HWTests */ = {
			isa = PBXNativeTarget;
			buildConfigurationList = 6F9A632A1E7551A500FB1B76 /* Build configuration list for PBXNativeTarget "12HWTests" */;
			buildPhases = (
				6F9A630F1E7551A500FB1B76 /* Sources */,
				6F9A63101E7551A500FB1B76 /* Frameworks */,
				6F9A63111E7551A500FB1B76 /* Resources */,
			);
			buildRules = (
			);
			dependencies = (
				6F9A63151E7551A500FB1B76 /* PBXTargetDependency */,
			);
			name = 12HWTests;
			productName = 12HWTests;
			productReference = 6F9A63131E7551A500FB1B76 /* 12HWTests.xctest */;
			productType = "com.apple.product-type.bundle.unit-test";
		};
		6F9A631D1E7551A500FB1B76 /* 12HWUITests */ = {
			isa = PBXNativeTarget;
			buildConfigurationList = 6F9A632D1E7551A500FB1B76 /* Build configuration list for PBXNativeTarget "12HWUITests" */;
			buildPhases = (
				6F9A631A1E7551A500FB1B76 /* Sources */,
				6F9A631B1E7551A500FB1B76 /* Frameworks */,
				6F9A631C1E7551A500FB1B76 /* Resources */,
			);
			buildRules = (
			);
			dependencies = (
				6F9A63201E7551A500FB1B76 /* PBXTargetDependency */,
			);
			name = 12HWUITests;
			productName = 12HWUITests;
			productReference = 6F9A631E1E7551A500FB1B76 /* 12HWUITests.xctest */;
			productType = "com.apple.product-type.bundle.ui-testing";
		};
/* End PBXNativeTarget section */

/* Begin PBXProject section */
		6F9A62F71E7551A300FB1B76 /* Project object */ = {
			isa = PBXProject;
			attributes = {
				LastSwiftUpdateCheck = 0820;
				LastUpgradeCheck = 0820;
				ORGANIZATIONNAME = "吳心鐸";
				TargetAttributes = {
					6F9A62FE1E7551A300FB1B76 = {
						CreatedOnToolsVersion = 8.2.1;
						ProvisioningStyle = Automatic;
					};
					6F9A63121E7551A500FB1B76 = {
						CreatedOnToolsVersion = 8.2.1;
						ProvisioningStyle = Automatic;
						TestTargetID = 6F9A62FE1E7551A300FB1B76;
					};
					6F9A631D1E7551A500FB1B76 = {
						CreatedOnToolsVersion = 8.2.1;
						ProvisioningStyle = Automatic;
						TestTargetID = 6F9A62FE1E7551A300FB1B76;
					};
				};
			};
			buildConfigurationList = 6F9A62FA1E7551A300FB1B76 /* Build configuration list for PBXProject "12HW" */;
			compatibilityVersion = "Xcode 3.2";
			developmentRegion = English;
			hasScannedForEncodings = 0;
			knownRegions = (
				en,
				Base,
			);
			mainGroup = 6F9A62F61E7551A300FB1B76;
			productRefGroup = 6F9A63001E7551A400FB1B76 /* Products */;
			projectDirPath = "";
			projectRoot = "";
			targets = (
				6F9A62FE1E7551A300FB1B76 /* 12HW */,
				6F9A63121E7551A500FB1B76 /* 12HWTests */,
				6F9A631D1E7551A500FB1B76 /* 12HWUITests */,
			);
		};
/* End PBXProject section */

/* Begin PBXResourcesBuildPhase section */
		6F9A62FD1E7551A300FB1B76 /* Resources */ = {
			isa = PBXResourcesBuildPhase;
			buildActionMask = 2147483647;
			files = (
				6F9A630D1E7551A400FB1B76 /* LaunchScreen.storyboard in Resources */,
				6F9A630A1E7551A400FB1B76 /* Assets.xcassets in Resources */,
				6F9A63081E7551A400FB1B76 /* Main.storyboard in Resources */,
			);
			runOnlyForDeploymentPostprocessing = 0;
		};
		6F9A63111E7551A500FB1B76 /* Resources */ = {
			isa = PBXResourcesBuildPhase;
			buildActionMask = 2147483647;
			files = (
			);
			runOnlyForDeploymentPostprocessing = 0;
		};
		6F9A631C1E7551A500FB1B76 /* Resources */ = {
			isa = PBXResourcesBuildPhase;
			buildActionMask = 2147483647;
			files = (
			);
			runOnlyForDeploymentPostprocessing = 0;
		};
/* End PBXResourcesBuildPhase section */

/* Begin PBXSourcesBuildPhase section */
		6F9A62FB1E7551A300FB1B76 /* Sources */ = {
			isa = PBXSourcesBuildPhase;
			buildActionMask = 2147483647;
			files = (
				6F9A63051E7551A400FB1B76 /* ViewController.swift in Sources */,
				6F9A63031E7551A400FB1B76 /* AppDelegate.swift in Sources */,
			);
			runOnlyForDeploymentPostprocessing = 0;
		};
		6F9A630F1E7551A500FB1B76 /* Sources */ = {
			isa = PBXSourcesBuildPhase;
			buildActionMask = 2147483647;
			files = (
				6F9A63181E7551A500FB1B76 /* _2HWTests.swift in Sources */,
			);
			runOnlyForDeploymentPostprocessing = 0;
		};
		6F9A631A1E7551A500FB1B76 /* Sources */ = {
			isa = PBXSourcesBuildPhase;
			buildActionMask = 2147483647;
			files = (
				6F9A63231E7551A500FB1B76 /* _2HWUITests.swift in Sources */,
			);
			runOnlyForDeploymentPostprocessing = 0;
		};
/* End PBXSourcesBuildPhase section */

/* Begin PBXTargetDependency section */
		6F9A63151E7551A500FB1B76 /* PBXTargetDependency */ = {
			isa = PBXTargetDependency;
			target = 6F9A62FE1E7551A300FB1B76 /* 12HW */;
			targetProxy = 6F9A63141E7551A500FB1B76 /* PBXContainerItemProxy */;
		};
		6F9A63201E7551A500FB1B76 /* PBXTargetDependency */ = {
			isa = PBXTargetDependency;
			target = 6F9A62FE1E7551A300FB1B76 /* 12HW */;
			targetProxy = 6F9A631F1E7551A500FB1B76 /* PBXContainerItemProxy */;
		};
/* End PBXTargetDependency section */

/* Begin PBXVariantGroup section */
		6F9A63061E7551A400FB1B76 /* Main.storyboard */ = {
			isa = PBXVariantGroup;
			children = (
				6F9A63071E7551A400FB1B76 /* Base */,
			);
			name = Main.storyboard;
			sourceTree = "<group>";
		};
		6F9A630B1E7551A400FB1B76 /* LaunchScreen.storyboard */ = {
			isa = PBXVariantGroup;
			children = (
				6F9A630C1E7551A400FB1B76 /* Base */,
			);
			name = LaunchScreen.storyboard;
			sourceTree = "<group>";
		};
/* End PBXVariantGroup section */

/* Begin XCBuildConfiguration section */
		6F9A63251E7551A500FB1B76 /* Debug */ = {
			isa = XCBuildConfiguration;
			buildSettings = {
				ALWAYS_SEARCH_USER_PATHS = NO;
				CLANG_ANALYZER_NONNULL = YES;
				CLANG_CXX_LANGUAGE_STANDARD = "gnu++0x";
				CLANG_CXX_LIBRARY = "libc++";
				CLANG_ENABLE_MODULES = YES;
				CLANG_ENABLE_OBJC_ARC = YES;
				CLANG_WARN_BOOL_CONVERSION = YES;
				CLANG_WARN_CONSTANT_CONVERSION = YES;
				CLANG_WARN_DIRECT_OBJC_ISA_USAGE = YES_ERROR;
				CLANG_WARN_DOCUMENTATION_COMMENTS = YES;
				CLANG_WARN_EMPTY_BODY = YES;
				CLANG_WARN_ENUM_CONVERSION = YES;
				CLANG_WARN_INFINITE_RECURSION = YES;
				CLANG_WARN_INT_CONVERSION = YES;
				CLANG_WARN_OBJC_ROOT_CLASS = YES_ERROR;
				CLANG_WARN_SUSPICIOUS_MOVE = YES;
				CLANG_WARN_UNREACHABLE_CODE = YES;
				CLANG_WARN__DUPLICATE_METHOD_MATCH = YES;
				"CODE_SIGN_IDENTITY[sdk=iphoneos*]" = "iPhone Developer";
				COPY_PHASE_STRIP = NO;
				DEBUG_INFORMATION_FORMAT = dwarf;
				ENABLE_STRICT_OBJC_MSGSEND = YES;
				ENABLE_TESTABILITY = YES;
				GCC_C_LANGUAGE_STANDARD = gnu99;
				GCC_DYNAMIC_NO_PIC = NO;
				GCC_NO_COMMON_BLOCKS = YES;
				GCC_OPTIMIZATION_LEVEL = 0;
				GCC_PREPROCESSOR_DEFINITIONS = (
					"DEBUG=1",
					"$(inherited)",
				);
				GCC_WARN_64_TO_32_BIT_CONVERSION = YES;
				GCC_WARN_ABOUT_RETURN_TYPE = YES_ERROR;
				GCC_WARN_UNDECLARED_SELECTOR = YES;
				GCC_WARN_UNINITIALIZED_AUTOS = YES_AGGRESSIVE;
				GCC_WARN_UNUSED_FUNCTION = YES;
				GCC_WARN_UNUSED_VARIABLE = YES;
				IPHONEOS_DEPLOYMENT_TARGET = 10.2;
				MTL_ENABLE_DEBUG_INFO = YES;
				ONLY_ACTIVE_ARCH = YES;
				SDKROOT = iphoneos;
				SWIFT_ACTIVE_COMPILATION_CONDITIONS = DEBUG;
				SWIFT_OPTIMIZATION_LEVEL = "-Onone";
				TARGETED_DEVICE_FAMILY = "1,2";
			};
			name = Debug;
		};
		6F9A63261E7551A500FB1B76 /* Release */ = {
			isa = XCBuildConfiguration;
			buildSettings = {
				ALWAYS_SEARCH_USER_PATHS = NO;
				CLANG_ANALYZER_NONNULL = YES;
				CLANG_CXX_LANGUAGE_STANDARD = "gnu++0x";
				CLANG_CXX_LIBRARY = "libc++";
				CLANG_ENABLE_MODULES = YES;
				CLANG_ENABLE_OBJC_ARC = YES;
				CLANG_WARN_BOOL_CONVERSION = YES;
				CLANG_WARN_CONSTANT_CONVERSION = YES;
				CLANG_WARN_DIRECT_OBJC_ISA_USAGE = YES_ERROR;
				CLANG_WARN_DOCUMENTATION_COMMENTS = YES;
				CLANG_WARN_EMPTY_BODY = YES;
				CLANG_WARN_ENUM_CONVERSION = YES;
				CLANG_WARN_INFINITE_RECURSION = YES;
				CLANG_WARN_INT_CONVERSION = YES;
				CLANG_WARN_OBJC_ROOT_CLASS = YES_ERROR;
				CLANG_WARN_SUSPICIOUS_MOVE = YES;
				CLANG_WARN_UNREACHABLE_CODE = YES;
				CLANG_WARN__DUPLICATE_METHOD_MATCH = YES;
				"CODE_SIGN_IDENTITY[sdk=iphoneos*]" = "iPhone Developer";
				COPY_PHASE_STRIP = NO;
				DEBUG_INFORMATION_FORMAT = "dwarf-with-dsym";
				ENABLE_NS_ASSERTIONS = NO;
				ENABLE_STRICT_OBJC_MSGSEND = YES;
				GCC_C_LANGUAGE_STANDARD = gnu99;
				GCC_NO_COMMON_BLOCKS = YES;
				GCC_WARN_64_TO_32_BIT_CONVERSION = YES;
				GCC_WARN_ABOUT_RETURN_TYPE = YES_ERROR;
				GCC_WARN_UNDECLARED_SELECTOR = YES;
				GCC_WARN_UNINITIALIZED_AUTOS = YES_AGGRESSIVE;
				GCC_WARN_UNUSED_FUNCTION = YES;
				GCC_WARN_UNUSED_VARIABLE = YES;
				IPHONEOS_DEPLOYMENT_TARGET = 10.2;
				MTL_ENABLE_DEBUG_INFO = NO;
				SDKROOT = iphoneos;
				SWIFT_OPTIMIZATION_LEVEL = "-Owholemodule";
				TARGETED_DEVICE_FAMILY = "1,2";
				VALIDATE_PRODUCT = YES;
			};
			name = Release;
		};
		6F9A63281E7551A500FB1B76 /* Debug */ = {
			isa = XCBuildConfiguration;
			buildSettings = {
				ASSETCATALOG_COMPILER_APPICON_NAME = AppIcon;
				INFOPLIST_FILE = 12HW/Info.plist;
				LD_RUNPATH_SEARCH_PATHS = "$(inherited) @executable_path/Frameworks";
				PRODUCT_BUNDLE_IDENTIFIER = "chanchan.-2HW";
				PRODUCT_NAME = "$(TARGET_NAME)";
				SWIFT_VERSION = 3.0;
			};
			name = Debug;
		};
		6F9A63291E7551A500FB1B76 /* Release */ = {
			isa = XCBuildConfiguration;
			buildSettings = {
				ASSETCATALOG_COMPILER_APPICON_NAME = AppIcon;
				INFOPLIST_FILE = 12HW/Info.plist;
				LD_RUNPATH_SEARCH_PATHS = "$(inherited) @executable_path/Frameworks";
				PRODUCT_BUNDLE_IDENTIFIER = "chanchan.-2HW";
				PRODUCT_NAME = "$(TARGET_NAME)";
				SWIFT_VERSION = 3.0;
			};
			name = Release;
		};
		6F9A632B1E7551A500FB1B76 /* Debug */ = {
			isa = XCBuildConfiguration;
			buildSettings = {
				ALWAYS_EMBED_SWIFT_STANDARD_LIBRARIES = YES;
				BUNDLE_LOADER = "$(TEST_HOST)";
				INFOPLIST_FILE = 12HWTests/Info.plist;
				LD_RUNPATH_SEARCH_PATHS = "$(inherited) @executable_path/Frameworks @loader_path/Frameworks";
				PRODUCT_BUNDLE_IDENTIFIER = "chanchan.-2HWTests";
				PRODUCT_NAME = "$(TARGET_NAME)";
				SWIFT_VERSION = 3.0;
				TEST_HOST = "$(BUILT_PRODUCTS_DIR)/12HW.app/12HW";
			};
			name = Debug;
		};
		6F9A632C1E7551A500FB1B76 /* Release */ = {
			isa = XCBuildConfiguration;
			buildSettings = {
				ALWAYS_EMBED_SWIFT_STANDARD_LIBRARIES = YES;
				BUNDLE_LOADER = "$(TEST_HOST)";
				INFOPLIST_FILE = 12HWTests/Info.plist;
				LD_RUNPATH_SEARCH_PATHS = "$(inherited) @executable_path/Frameworks @loader_path/Frameworks";
				PRODUCT_BUNDLE_IDENTIFIER = "chanchan.-2HWTests";
				PRODUCT_NAME = "$(TARGET_NAME)";
				SWIFT_VERSION = 3.0;
				TEST_HOST = "$(BUILT_PRODUCTS_DIR)/12HW.app/12HW";
			};
			name = Release;
		};
		6F9A632E1E7551A500FB1B76 /* Debug */ = {
			isa = XCBuildConfiguration;
			buildSettings = {
				ALWAYS_EMBED_SWIFT_STANDARD_LIBRARIES = YES;
				INFOPLIST_FILE = 12HWUITests/Info.plist;
				LD_RUNPATH_SEARCH_PATHS = "$(inherited) @executable_path/Frameworks @loader_path/Frameworks";
				PRODUCT_BUNDLE_IDENTIFIER = "chanchan.-2HWUITests";
				PRODUCT_NAME = "$(TARGET_NAME)";
				SWIFT_VERSION = 3.0;
				TEST_TARGET_NAME = 12HW;
			};
			name = Debug;
		};
		6F9A632F1E7551A500FB1B76 /* Release */ = {
			isa = XCBuildConfiguration;
			buildSettings = {
				ALWAYS_EMBED_SWIFT_STANDARD_LIBRARIES = YES;
				INFOPLIST_FILE = 12HWUITests/Info.plist;
				LD_RUNPATH_SEARCH_PATHS = "$(inherited) @executable_path/Frameworks @loader_path/Frameworks";
				PRODUCT_BUNDLE_IDENTIFIER = "chanchan.-2HWUITests";
				PRODUCT_NAME = "$(TARGET_NAME)";
				SWIFT_VERSION = 3.0;
				TEST_TARGET_NAME = 12HW;
			};
			name = Release;
		};
/* End XCBuildConfiguration section */

/* Begin XCConfigurationList section */
		6F9A62FA1E7551A300FB1B76 /* Build configuration list for PBXProject "12HW" */ = {
			isa = XCConfigurationList;
			buildConfigurations = (
				6F9A63251E7551A500FB1B76 /* Debug */,
				6F9A63261E7551A500FB1B76 /* Release */,
			);
			defaultConfigurationIsVisible = 0;
			defaultConfigurationName = Release;
		};
		6F9A63271E7551A500FB1B76 /* Build configuration list for PBXNativeTarget "12HW" */ = {
			isa = XCConfigurationList;
			buildConfigurations = (
				6F9A63281E7551A500FB1B76 /* Debug */,
				6F9A63291E7551A500FB1B76 /* Release */,
			);
			defaultConfigurationIsVisible = 0;
		};
		6F9A632A1E7551A500FB1B76 /* Build configuration list for PBXNativeTarget "12HWTests" */ = {
			isa = XCConfigurationList;
			buildConfigurations = (
				6F9A632B1E7551A500FB1B76 /* Debug */,
				6F9A632C1E7551A500FB1B76 /* Release */,
			);
			defaultConfigurationIsVisible = 0;
		};
		6F9A632D1E7551A500FB1B76 /* Build configuration list for PBXNativeTarget "12HWUITests" */ = {
			isa = XCConfigurationList;
			buildConfigurations = (
				6F9A632E1E7551A500FB1B76 /* Debug */,
				6F9A632F1E7551A500FB1B76 /* Release */,
			);
			defaultConfigurationIsVisible = 0;
		};
/* End XCConfigurationList section */
	};
	rootObject = 6F9A62F71E7551A300FB1B76 /* Project object */;
}
